
Microsoft Visual Studio Solution File, Format Version 12.00
# Visual Studio Version 17
VisualStudioVersion = 17.0.32014.148
MinimumVisualStudioVersion = 10.0.40219.1
Project("{FAE04EC0-301F-11D3-BF4B-00C04F79EFBC}") = "Milan", "Milan\Milan.csproj", "{68227E6D-117C-488B-9D6D-A3AC28D781B3}"
EndProject
Global
	GlobalSection(SolutionConfigurationPlatforms) = preSolution
		Debug|Any CPU = Debug|Any CPU
		Release|Any CPU = Release|Any CPU
	EndGlobalSection
	GlobalSection(ProjectConfigurationPlatforms) = postSolution
		{68227E6D-117C-488B-9D6D-A3AC28D781B3}.Debug|Any CPU.ActiveCfg = Debug|Any CPU
		{68227E6D-117C-488B-9D6D-A3AC28D781B3}.Debug|Any CPU.Build.0 = Debug|Any CPU
		{68227E6D-117C-488B-9D6D-A3AC28D781B3}.Release|Any CPU.ActiveCfg = Release|Any CPU
		{68227E6D-117C-488B-9D6D-A3AC28D781B3}.Release|Any CPU.Build.0 = Release|Any CPU
	EndGlobalSection
	GlobalSection(SolutionProperties) = preSolution
		HideSolutionNode = FALSE
	EndGlobalSection
	GlobalSection(ExtensibilityGlobals) = postSolution
		SolutionGuid = {02086162-456B-4A81-9B8F-0EC8692FBE1F}
	EndGlobalSection
EndGlobal
